
Microsoft Visual Studio Solution File, Format Version 12.00
# Visual Studio 2012
Project("{FAE04EC0-301F-11D3-BF4B-00C04F79EFBC}") = "UnityVS.UnityRPG.CSharp", "UnityVS.UnityRPG.CSharp.csproj", "{AE5C779C-6F0F-9F16-66FA-F055E83FF9F5}"
EndProject
Project("{FAE04EC0-301F-11D3-BF4B-00C04F79EFBC}") = "UnityVS.UnityRPG.CSharp.Editor", "UnityVS.UnityRPG.CSharp.Editor.csproj", "{6B4D296C-4134-F3C6-D18C-8910E9A2BC67}"
EndProject
Global
	GlobalSection(SolutionConfigurationPlatforms) = preSolution
		Debug|Any CPU = Debug|Any CPU
		Release|Any CPU = Release|Any CPU
	EndGlobalSection
	GlobalSection(ProjectConfigurationPlatforms) = postSolution
		{AE5C779C-6F0F-9F16-66FA-F055E83FF9F5}.Debug|Any CPU.ActiveCfg = Debug|Any CPU
		{AE5C779C-6F0F-9F16-66FA-F055E83FF9F5}.Debug|Any CPU.Build.0 = Debug|Any CPU
		{AE5C779C-6F0F-9F16-66FA-F055E83FF9F5}.Release|Any CPU.ActiveCfg = Release|Any CPU
		{AE5C779C-6F0F-9F16-66FA-F055E83FF9F5}.Release|Any CPU.Build.0 = Release|Any CPU
		{6B4D296C-4134-F3C6-D18C-8910E9A2BC67}.Debug|Any CPU.ActiveCfg = Debug|Any CPU
		{6B4D296C-4134-F3C6-D18C-8910E9A2BC67}.Debug|Any CPU.Build.0 = Debug|Any CPU
		{6B4D296C-4134-F3C6-D18C-8910E9A2BC67}.Release|Any CPU.ActiveCfg = Release|Any CPU
		{6B4D296C-4134-F3C6-D18C-8910E9A2BC67}.Release|Any CPU.Build.0 = Release|Any CPU
	EndGlobalSection
	GlobalSection(SolutionProperties) = preSolution
		HideSolutionNode = FALSE
	EndGlobalSection
EndGlobal
