
Microsoft Visual Studio Solution File, Format Version 12.00
# Visual Studio 2012
Project("{FAE04EC0-301F-11D3-BF4B-00C04F79EFBC}") = "UnityVS.Assignment 1.CSharp", "UnityVS.Assignment 1.CSharp.csproj", "{84389A97-7505-BFCE-A65F-462D36AAA813}"
EndProject
Project("{FAE04EC0-301F-11D3-BF4B-00C04F79EFBC}") = "UnityVS.Assignment 1.CSharp.Editor", "UnityVS.Assignment 1.CSharp.Editor.csproj", "{90880650-42FD-AF1D-E452-BE32BD84EF1C}"
EndProject
Global
	GlobalSection(SolutionConfigurationPlatforms) = preSolution
		Debug|Any CPU = Debug|Any CPU
		Release|Any CPU = Release|Any CPU
	EndGlobalSection
	GlobalSection(ProjectConfigurationPlatforms) = postSolution
		{84389A97-7505-BFCE-A65F-462D36AAA813}.Debug|Any CPU.ActiveCfg = Debug|Any CPU
		{84389A97-7505-BFCE-A65F-462D36AAA813}.Debug|Any CPU.Build.0 = Debug|Any CPU
		{84389A97-7505-BFCE-A65F-462D36AAA813}.Release|Any CPU.ActiveCfg = Release|Any CPU
		{84389A97-7505-BFCE-A65F-462D36AAA813}.Release|Any CPU.Build.0 = Release|Any CPU
		{90880650-42FD-AF1D-E452-BE32BD84EF1C}.Debug|Any CPU.ActiveCfg = Debug|Any CPU
		{90880650-42FD-AF1D-E452-BE32BD84EF1C}.Debug|Any CPU.Build.0 = Debug|Any CPU
		{90880650-42FD-AF1D-E452-BE32BD84EF1C}.Release|Any CPU.ActiveCfg = Release|Any CPU
		{90880650-42FD-AF1D-E452-BE32BD84EF1C}.Release|Any CPU.Build.0 = Release|Any CPU
	EndGlobalSection
	GlobalSection(SolutionProperties) = preSolution
		HideSolutionNode = FALSE
	EndGlobalSection
EndGlobal
